
Microsoft Visual Studio Solution File, Format Version 12.00
# Visual Studio Version 17
VisualStudioVersion = 17.11.35431.28
MinimumVisualStudioVersion = 10.0.40219.1
Project("{9A19103F-16F7-4668-BE54-9A1E7A4F7556}") = "Cities_of_Mosaic_Isle_PublicInterfaces", "Cities_of_Mosaic_Isle_PublicInterfaces.csproj", "{CF68C958-3437-4BB2-9064-DCF0B446F537}"
EndProject
Global
	GlobalSection(SolutionConfigurationPlatforms) = preSolution
		Debug|Any CPU = Debug|Any CPU
		Release|Any CPU = Release|Any CPU
	EndGlobalSection
	GlobalSection(ProjectConfigurationPlatforms) = postSolution
		{CF68C958-3437-4BB2-9064-DCF0B446F537}.Debug|Any CPU.ActiveCfg = Debug|Any CPU
		{CF68C958-3437-4BB2-9064-DCF0B446F537}.Debug|Any CPU.Build.0 = Debug|Any CPU
		{CF68C958-3437-4BB2-9064-DCF0B446F537}.Release|Any CPU.ActiveCfg = Release|Any CPU
		{CF68C958-3437-4BB2-9064-DCF0B446F537}.Release|Any CPU.Build.0 = Release|Any CPU
	EndGlobalSection
	GlobalSection(SolutionProperties) = preSolution
		HideSolutionNode = FALSE
	EndGlobalSection
	GlobalSection(ExtensibilityGlobals) = postSolution
		SolutionGuid = {4B780AB7-3E3F-4CDA-9751-8A67E0BEA207}
	EndGlobalSection
EndGlobal
